// !$*UTF8*$!
{
	archiveVersion = 1;
	classes = {
	};
	objectVersion = 77;
	objects = {

/* Begin PBXContainerItemProxy section */
		46E7A63D2CCAB64300DE63DB /* PBXContainerItemProxy */ = {
			isa = PBXContainerItemProxy;
			containerPortal = 46E7A61E2CCAB63A00DE63DB /* Project object */;
			proxyType = 1;
			remoteGlobalIDString = 46E7A6252CCAB63B00DE63DB;
			remoteInfo = ChatBotFinal;
		};
		46E7A6472CCAB64300DE63DB /* PBXContainerItemProxy */ = {
			isa = PBXContainerItemProxy;
			containerPortal = 46E7A61E2CCAB63A00DE63DB /* Project object */;
			proxyType = 1;
			remoteGlobalIDString = 46E7A6252CCAB63B00DE63DB;
			remoteInfo = ChatBotFinal;
		};
/* End PBXContainerItemProxy section */

/* Begin PBXFileReference section */
		46E7A6262CCAB63B00DE63DB /* ChatBotFinal.app */ = {isa = PBXFileReference; explicitFileType = wrapper.application; includeInIndex = 0; path = ChatBotFinal.app; sourceTree = BUILT_PRODUCTS_DIR; };
		46E7A63C2CCAB64300DE63DB /* ChatBotFinalTests.xctest */ = {isa = PBXFileReference; explicitFileType = wrapper.cfbundle; includeInIndex = 0; path = ChatBotFinalTests.xctest; sourceTree = BUILT_PRODUCTS_DIR; };
		46E7A6462CCAB64300DE63DB /* ChatBotFinalUITests.xctest */ = {isa = PBXFileReference; explicitFileType = wrapper.cfbundle; includeInIndex = 0; path = ChatBotFinalUITests.xctest; sourceTree = BUILT_PRODUCTS_DIR; };
/* End PBXFileReference section */

/* Begin PBXFileSystemSynchronizedBuildFileExceptionSet section */
		46E7A64E2CCAB64300DE63DB /* Exceptions for "ChatBotFinal" folder in "ChatBotFinal" target */ = {
			isa = PBXFileSystemSynchronizedBuildFileExceptionSet;
			membershipExceptions = (
				Info.plist,
			);
			target = 46E7A6252CCAB63B00DE63DB /* ChatBotFinal */;
		};
/* End PBXFileSystemSynchronizedBuildFileExceptionSet section */

/* Begin PBXFileSystemSynchronizedRootGroup section */
		46E7A6282CCAB63B00DE63DB /* ChatBotFinal */ = {
			isa = PBXFileSystemSynchronizedRootGroup;
			exceptions = (
				46E7A64E2CCAB64300DE63DB /* Exceptions for "ChatBotFinal" folder in "ChatBotFinal" target */,
			);
			path = ChatBotFinal;
			sourceTree = "<group>";
		};
		46E7A63F2CCAB64300DE63DB /* ChatBotFinalTests */ = {
			isa = PBXFileSystemSynchronizedRootGroup;
			path = ChatBotFinalTests;
			sourceTree = "<group>";
		};
		46E7A6492CCAB64300DE63DB /* ChatBotFinalUITests */ = {
			isa = PBXFileSystemSynchronizedRootGroup;
			path = ChatBotFinalUITests;
			sourceTree = "<group>";
		};
/* End PBXFileSystemSynchronizedRootGroup section */

/* Begin PBXFrameworksBuildPhase section */
		46E7A6232CCAB63B00DE63DB /* Frameworks */ = {
			isa = PBXFrameworksBuildPhase;
			buildActionMask = 2147483647;
			files = (
			);
			runOnlyForDeploymentPostprocessing = 0;
		};
		46E7A6392CCAB64300DE63DB /* Frameworks */ = {
			isa = PBXFrameworksBuildPhase;
			buildActionMask = 2147483647;
			files = (
			);
			runOnlyForDeploymentPostprocessing = 0;
		};
		46E7A6432CCAB64300DE63DB /* Frameworks */ = {
			isa = PBXFrameworksBuildPhase;
			buildActionMask = 2147483647;
			files = (
			);
			runOnlyForDeploymentPostprocessing = 0;
		};
/* End PBXFrameworksBuildPhase section */

/* Begin PBXGroup section */
		46E7A61D2CCAB63A00DE63DB = {
			isa = PBXGroup;
			children = (
				46E7A6282CCAB63B00DE63DB /* ChatBotFinal */,
				46E7A63F2CCAB64300DE63DB /* ChatBotFinalTests */,
				46E7A6492CCAB64300DE63DB /* ChatBotFinalUITests */,
				46E7A6272CCAB63B00DE63DB /* Products */,
			);
			sourceTree = "<group>";
		};
		46E7A6272CCAB63B00DE63DB /* Products */ = {
			isa = PBXGroup;
			children = (
				46E7A6262CCAB63B00DE63DB /* ChatBotFinal.app */,
				46E7A63C2CCAB64300DE63DB /* ChatBotFinalTests.xctest */,
				46E7A6462CCAB64300DE63DB /* ChatBotFinalUITests.xctest */,
			);
			name = Products;
			sourceTree = "<group>";
		};
/* End PBXGroup section */

/* Begin PBXNativeTarget section */
		46E7A6252CCAB63B00DE63DB /* ChatBotFinal */ = {
			isa = PBXNativeTarget;
			buildConfigurationList = 46E7A64F2CCAB64300DE63DB /* Build configuration list for PBXNativeTarget "ChatBotFinal" */;
			buildPhases = (
				46E7A6222CCAB63B00DE63DB /* Sources */,
				46E7A6232CCAB63B00DE63DB /* Frameworks */,
				46E7A6242CCAB63B00DE63DB /* Resources */,
			);
			buildRules = (
			);
			dependencies = (
			);
			fileSystemSynchronizedGroups = (
				46E7A6282CCAB63B00DE63DB /* ChatBotFinal */,
			);
			name = ChatBotFinal;
			packageProductDependencies = (
			);
			productName = ChatBotFinal;
			productReference = 46E7A6262CCAB63B00DE63DB /* ChatBotFinal.app */;
			productType = "com.apple.product-type.application";
		};
		46E7A63B2CCAB64300DE63DB /* ChatBotFinalTests */ = {
			isa = PBXNativeTarget;
			buildConfigurationList = 46E7A6542CCAB64300DE63DB /* Build configuration list for PBXNativeTarget "ChatBotFinalTests" */;
			buildPhases = (
				46E7A6382CCAB64300DE63DB /* Sources */,
				46E7A6392CCAB64300DE63DB /* Frameworks */,
				46E7A63A2CCAB64300DE63DB /* Resources */,
			);
			buildRules = (
			);
			dependencies = (
				46E7A63E2CCAB64300DE63DB /* PBXTargetDependency */,
			);
			fileSystemSynchronizedGroups = (
				46E7A63F2CCAB64300DE63DB /* ChatBotFinalTests */,
			);
			name = ChatBotFinalTests;
			packageProductDependencies = (
			);
			productName = ChatBotFinalTests;
			productReference = 46E7A63C2CCAB64300DE63DB /* ChatBotFinalTests.xctest */;
			productType = "com.apple.product-type.bundle.unit-test";
		};
		46E7A6452CCAB64300DE63DB /* ChatBotFinalUITests */ = {
			isa = PBXNativeTarget;
			buildConfigurationList = 46E7A6572CCAB64300DE63DB /* Build configuration list for PBXNativeTarget "ChatBotFinalUITests" */;
			buildPhases = (
				46E7A6422CCAB64300DE63DB /* Sources */,
				46E7A6432CCAB64300DE63DB /* Frameworks */,
				46E7A6442CCAB64300DE63DB /* Resources */,
			);
			buildRules = (
			);
			dependencies = (
				46E7A6482CCAB64300DE63DB /* PBXTargetDependency */,
			);
			fileSystemSynchronizedGroups = (
				46E7A6492CCAB64300DE63DB /* ChatBotFinalUITests */,
			);
			name = ChatBotFinalUITests;
			packageProductDependencies = (
			);
			productName = ChatBotFinalUITests;
			productReference = 46E7A6462CCAB64300DE63DB /* ChatBotFinalUITests.xctest */;
			productType = "com.apple.product-type.bundle.ui-testing";
		};
/* End PBXNativeTarget section */

/* Begin PBXProject section */
		46E7A61E2CCAB63A00DE63DB /* Project object */ = {
			isa = PBXProject;
			attributes = {
				BuildIndependentTargetsInParallel = 1;
				LastSwiftUpdateCheck = 1600;
				LastUpgradeCheck = 1600;
				TargetAttributes = {
					46E7A6252CCAB63B00DE63DB = {
						CreatedOnToolsVersion = 16.0;
					};
					46E7A63B2CCAB64300DE63DB = {
						CreatedOnToolsVersion = 16.0;
						TestTargetID = 46E7A6252CCAB63B00DE63DB;
					};
					46E7A6452CCAB64300DE63DB = {
						CreatedOnToolsVersion = 16.0;
						TestTargetID = 46E7A6252CCAB63B00DE63DB;
					};
				};
			};
			buildConfigurationList = 46E7A6212CCAB63A00DE63DB /* Build configuration list for PBXProject "ChatBotFinal" */;
			developmentRegion = en;
			hasScannedForEncodings = 0;
			knownRegions = (
				en,
				Base,
			);
			mainGroup = 46E7A61D2CCAB63A00DE63DB;
			minimizedProjectReferenceProxies = 1;
			preferredProjectObjectVersion = 77;
			productRefGroup = 46E7A6272CCAB63B00DE63DB /* Products */;
			projectDirPath = "";
			projectRoot = "";
			targets = (
				46E7A6252CCAB63B00DE63DB /* ChatBotFinal */,
				46E7A63B2CCAB64300DE63DB /* ChatBotFinalTests */,
				46E7A6452CCAB64300DE63DB /* ChatBotFinalUITests */,
			);
		};
/* End PBXProject section */

/* Begin PBXResourcesBuildPhase section */
		46E7A6242CCAB63B00DE63DB /* Resources */ = {
			isa = PBXResourcesBuildPhase;
			buildActionMask = 2147483647;
			files = (
			);
			runOnlyForDeploymentPostprocessing = 0;
		};
		46E7A63A2CCAB64300DE63DB /* Resources */ = {
			isa = PBXResourcesBuildPhase;
			buildActionMask = 2147483647;
			files = (
			);
			runOnlyForDeploymentPostprocessing = 0;
		};
		46E7A6442CCAB64300DE63DB /* Resources */ = {
			isa = PBXResourcesBuildPhase;
			buildActionMask = 2147483647;
			files = (
			);
			runOnlyForDeploymentPostprocessing = 0;
		};
/* End PBXResourcesBuildPhase section */

/* Begin PBXSourcesBuildPhase section */
		46E7A6222CCAB63B00DE63DB /* Sources */ = {
			isa = PBXSourcesBuildPhase;
			buildActionMask = 2147483647;
			files = (
			);
			runOnlyForDeploymentPostprocessing = 0;
		};
		46E7A6382CCAB64300DE63DB /* Sources */ = {
			isa = PBXSourcesBuildPhase;
			buildActionMask = 2147483647;
			files = (
			);
			runOnlyForDeploymentPostprocessing = 0;
		};
		46E7A6422CCAB64300DE63DB /* Sources */ = {
			isa = PBXSourcesBuildPhase;
			buildActionMask = 2147483647;
			files = (
			);
			runOnlyForDeploymentPostprocessing = 0;
		};
/* End PBXSourcesBuildPhase section */

/* Begin PBXTargetDependency section */
		46E7A63E2CCAB64300DE63DB /* PBXTargetDependency */ = {
			isa = PBXTargetDependency;
			target = 46E7A6252CCAB63B00DE63DB /* ChatBotFinal */;
			targetProxy = 46E7A63D2CCAB64300DE63DB /* PBXContainerItemProxy */;
		};
		46E7A6482CCAB64300DE63DB /* PBXTargetDependency */ = {
			isa = PBXTargetDependency;
			target = 46E7A6252CCAB63B00DE63DB /* ChatBotFinal */;
			targetProxy = 46E7A6472CCAB64300DE63DB /* PBXContainerItemProxy */;
		};
/* End PBXTargetDependency section */

/* Begin XCBuildConfiguration section */
		46E7A6502CCAB64300DE63DB /* Debug */ = {
			isa = XCBuildConfiguration;
			buildSettings = {
				ASSETCATALOG_COMPILER_APPICON_NAME = AppIcon;
				ASSETCATALOG_COMPILER_GLOBAL_ACCENT_COLOR_NAME = AccentColor;
				CODE_SIGN_STYLE = Automatic;
				CURRENT_PROJECT_VERSION = 1;
				GENERATE_INFOPLIST_FILE = YES;
				INFOPLIST_FILE = ChatBotFinal/Info.plist;
				INFOPLIST_KEY_UIApplicationSupportsIndirectInputEvents = YES;
				INFOPLIST_KEY_UILaunchStoryboardName = LaunchScreen;
				INFOPLIST_KEY_UIMainStoryboardFile = Main;
				INFOPLIST_KEY_UISupportedInterfaceOrientations_iPad = "UIInterfaceOrientationPortrait UIInterfaceOrientationPortraitUpsideDown UIInterfaceOrientationLandscapeLeft UIInterfaceOrientationLandscapeRight";
				INFOPLIST_KEY_UISupportedInterfaceOrientations_iPhone = "UIInterfaceOrientationPortrait UIInterfaceOrientationLandscapeLeft UIInterfaceOrientationLandscapeRight";
				LD_RUNPATH_SEARCH_PATHS = (
					"$(inherited)",
					"@executable_path/Frameworks",
				);
				MARKETING_VERSION = 1.0;
				PRODUCT_BUNDLE_IDENTIFIER = com.example.ChatBotFinal;
				PRODUCT_NAME = "$(TARGET_NAME)";
				SWIFT_EMIT_LOC_STRINGS = YES;
				SWIFT_VERSION = 5.0;
				TARGETED_DEVICE_FAMILY = "1,2";
			};
			name = Debug;
		};
		46E7A6512CCAB64300DE63DB /* Release */ = {
			isa = XCBuildConfiguration;
			buildSettings = {
				ASSETCATALOG_COMPILER_APPICON_NAME = AppIcon;
				ASSETCATALOG_COMPILER_GLOBAL_ACCENT_COLOR_NAME = AccentColor;
				CODE_SIGN_STYLE = Automatic;
				CURRENT_PROJECT_VERSION = 1;
				GENERATE_INFOPLIST_FILE = YES;
				INFOPLIST_FILE = ChatBotFinal/Info.plist;
				INFOPLIST_KEY_UIApplicationSupportsIndirectInputEvents = YES;
				INFOPLIST_KEY_UILaunchStoryboardName = LaunchScreen;
				INFOPLIST_KEY_UIMainStoryboardFile = Main;
				INFOPLIST_KEY_UISupportedInterfaceOrientations_iPad = "UIInterfaceOrientationPortrait UIInterfaceOrientationPortraitUpsideDown UIInterfaceOrientationLandscapeLeft UIInterfaceOrientationLandscapeRight";
				INFOPLIST_KEY_UISupportedInterfaceOrientations_iPhone = "UIInterfaceOrientationPortrait UIInterfaceOrientationLandscapeLeft UIInterfaceOrientationLandscapeRight";
				LD_RUNPATH_SEARCH_PATHS = (
					"$(inherited)",
					"@executable_path/Frameworks",
				);
				MARKETING_VERSION = 1.0;
				PRODUCT_BUNDLE_IDENTIFIER = com.example.ChatBotFinal;
				PRODUCT_NAME = "$(TARGET_NAME)";
				SWIFT_EMIT_LOC_STRINGS = YES;
				SWIFT_VERSION = 5.0;
				TARGETED_DEVICE_FAMILY = "1,2";
			};
			name = Release;
		};
		46E7A6522CCAB64300DE63DB /* Debug */ = {
			isa = XCBuildConfiguration;
			buildSettings = {
				ALWAYS_SEARCH_USER_PATHS = NO;
				ASSETCATALOG_COMPILER_GENERATE_SWIFT_ASSET_SYMBOL_EXTENSIONS = YES;
				CLANG_ANALYZER_NONNULL = YES;
				CLANG_ANALYZER_NUMBER_OBJECT_CONVERSION = YES_AGGRESSIVE;
				CLANG_CXX_LANGUAGE_STANDARD = "gnu++20";
				CLANG_ENABLE_MODULES = YES;
				CLANG_ENABLE_OBJC_ARC = YES;
				CLANG_ENABLE_OBJC_WEAK = YES;
				CLANG_WARN_BLOCK_CAPTURE_AUTORELEASING = YES;
				CLANG_WARN_BOOL_CONVERSION = YES;
				CLANG_WARN_COMMA = YES;
				CLANG_WARN_CONSTANT_CONVERSION = YES;
				CLANG_WARN_DEPRECATED_OBJC_IMPLEMENTATIONS = YES;
				CLANG_WARN_DIRECT_OBJC_ISA_USAGE = YES_ERROR;
				CLANG_WARN_DOCUMENTATION_COMMENTS = YES;
				CLANG_WARN_EMPTY_BODY = YES;
				CLANG_WARN_ENUM_CONVERSION = YES;
				CLANG_WARN_INFINITE_RECURSION = YES;
				CLANG_WARN_INT_CONVERSION = YES;
				CLANG_WARN_NON_LITERAL_NULL_CONVERSION = YES;
				CLANG_WARN_OBJC_IMPLICIT_RETAIN_SELF = YES;
				CLANG_WARN_OBJC_LITERAL_CONVERSION = YES;
				CLANG_WARN_OBJC_ROOT_CLASS = YES_ERROR;
				CLANG_WARN_QUOTED_INCLUDE_IN_FRAMEWORK_HEADER = YES;
				CLANG_WARN_RANGE_LOOP_ANALYSIS = YES;
				CLANG_WARN_STRICT_PROTOTYPES = YES;
				CLANG_WARN_SUSPICIOUS_MOVE = YES;
				CLANG_WARN_UNGUARDED_AVAILABILITY = YES_AGGRESSIVE;
				CLANG_WARN_UNREACHABLE_CODE = YES;
				CLANG_WARN__DUPLICATE_METHOD_MATCH = YES;
				COPY_PHASE_STRIP = NO;
				DEBUG_INFORMATION_FORMAT = dwarf;
				ENABLE_STRICT_OBJC_MSGSEND = YES;
				ENABLE_TESTABILITY = YES;
				ENABLE_USER_SCRIPT_SANDBOXING = YES;
				GCC_C_LANGUAGE_STANDARD = gnu17;
				GCC_DYNAMIC_NO_PIC = NO;
				GCC_NO_COMMON_BLOCKS = YES;
				GCC_OPTIMIZATION_LEVEL = 0;
				GCC_PREPROCESSOR_DEFINITIONS = (
					"DEBUG=1",
					"$(inherited)",
				);
				GCC_WARN_64_TO_32_BIT_CONVERSION = YES;
				GCC_WARN_ABOUT_RETURN_TYPE = YES_ERROR;
				GCC_WARN_UNDECLARED_SELECTOR = YES;
				GCC_WARN_UNINITIALIZED_AUTOS = YES_AGGRESSIVE;
				GCC_WARN_UNUSED_FUNCTION = YES;
				GCC_WARN_UNUSED_VARIABLE = YES;
				IPHONEOS_DEPLOYMENT_TARGET = 18.0;
				LOCALIZATION_PREFERS_STRING_CATALOGS = YES;
				MTL_ENABLE_DEBUG_INFO = INCLUDE_SOURCE;
				MTL_FAST_MATH = YES;
				ONLY_ACTIVE_ARCH = YES;
				SDKROOT = iphoneos;
				SWIFT_ACTIVE_COMPILATION_CONDITIONS = "DEBUG $(inherited)";
				SWIFT_OPTIMIZATION_LEVEL = "-Onone";
			};
			name = Debug;
		};
		46E7A6532CCAB64300DE63DB /* Release */ = {
			isa = XCBuildConfiguration;
			buildSettings = {
				ALWAYS_SEARCH_USER_PATHS = NO;
				ASSETCATALOG_COMPILER_GENERATE_SWIFT_ASSET_SYMBOL_EXTENSIONS = YES;
				CLANG_ANALYZER_NONNULL = YES;
				CLANG_ANALYZER_NUMBER_OBJECT_CONVERSION = YES_AGGRESSIVE;
				CLANG_CXX_LANGUAGE_STANDARD = "gnu++20";
				CLANG_ENABLE_MODULES = YES;
				CLANG_ENABLE_OBJC_ARC = YES;
				CLANG_ENABLE_OBJC_WEAK = YES;
				CLANG_WARN_BLOCK_CAPTURE_AUTORELEASING = YES;
				CLANG_WARN_BOOL_CONVERSION = YES;
				CLANG_WARN_COMMA = YES;
				CLANG_WARN_CONSTANT_CONVERSION = YES;
				CLANG_WARN_DEPRECATED_OBJC_IMPLEMENTATIONS = YES;
				CLANG_WARN_DIRECT_OBJC_ISA_USAGE = YES_ERROR;
				CLANG_WARN_DOCUMENTATION_COMMENTS = YES;
				CLANG_WARN_EMPTY_BODY = YES;
				CLANG_WARN_ENUM_CONVERSION = YES;
				CLANG_WARN_INFINITE_RECURSION = YES;
				CLANG_WARN_INT_CONVERSION = YES;
				CLANG_WARN_NON_LITERAL_NULL_CONVERSION = YES;
				CLANG_WARN_OBJC_IMPLICIT_RETAIN_SELF = YES;
				CLANG_WARN_OBJC_LITERAL_CONVERSION = YES;
				CLANG_WARN_OBJC_ROOT_CLASS = YES_ERROR;
				CLANG_WARN_QUOTED_INCLUDE_IN_FRAMEWORK_HEADER = YES;
				CLANG_WARN_RANGE_LOOP_ANALYSIS = YES;
				CLANG_WARN_STRICT_PROTOTYPES = YES;
				CLANG_WARN_SUSPICIOUS_MOVE = YES;
				CLANG_WARN_UNGUARDED_AVAILABILITY = YES_AGGRESSIVE;
				CLANG_WARN_UNREACHABLE_CODE = YES;
				CLANG_WARN__DUPLICATE_METHOD_MATCH = YES;
				COPY_PHASE_STRIP = NO;
				DEBUG_INFORMATION_FORMAT = "dwarf-with-dsym";
				ENABLE_NS_ASSERTIONS = NO;
				ENABLE_STRICT_OBJC_MSGSEND = YES;
				ENABLE_USER_SCRIPT_SANDBOXING = YES;
				GCC_C_LANGUAGE_STANDARD = gnu17;
				GCC_NO_COMMON_BLOCKS = YES;
				GCC_WARN_64_TO_32_BIT_CONVERSION = YES;
				GCC_WARN_ABOUT_RETURN_TYPE = YES_ERROR;
				GCC_WARN_UNDECLARED_SELECTOR = YES;
				GCC_WARN_UNINITIALIZED_AUTOS = YES_AGGRESSIVE;
				GCC_WARN_UNUSED_FUNCTION = YES;
				GCC_WARN_UNUSED_VARIABLE = YES;
				IPHONEOS_DEPLOYMENT_TARGET = 18.0;
				LOCALIZATION_PREFERS_STRING_CATALOGS = YES;
				MTL_ENABLE_DEBUG_INFO = NO;
				MTL_FAST_MATH = YES;
				SDKROOT = iphoneos;
				SWIFT_COMPILATION_MODE = wholemodule;
				VALIDATE_PRODUCT = YES;
			};
			name = Release;
		};
		46E7A6552CCAB64300DE63DB /* Debug */ = {
			isa = XCBuildConfiguration;
			buildSettings = {
				BUNDLE_LOADER = "$(TEST_HOST)";
				CODE_SIGN_STYLE = Automatic;
				CURRENT_PROJECT_VERSION = 1;
				GENERATE_INFOPLIST_FILE = YES;
				IPHONEOS_DEPLOYMENT_TARGET = 18.0;
				MARKETING_VERSION = 1.0;
				PRODUCT_BUNDLE_IDENTIFIER = com.example.ChatBotFinalTests;
				PRODUCT_NAME = "$(TARGET_NAME)";
				SWIFT_EMIT_LOC_STRINGS = NO;
				SWIFT_VERSION = 5.0;
				TARGETED_DEVICE_FAMILY = "1,2";
				TEST_HOST = "$(BUILT_PRODUCTS_DIR)/ChatBotFinal.app/$(BUNDLE_EXECUTABLE_FOLDER_PATH)/ChatBotFinal";
			};
			name = Debug;
		};
		46E7A6562CCAB64300DE63DB /* Release */ = {
			isa = XCBuildConfiguration;
			buildSettings = {
				BUNDLE_LOADER = "$(TEST_HOST)";
				CODE_SIGN_STYLE = Automatic;
				CURRENT_PROJECT_VERSION = 1;
				GENERATE_INFOPLIST_FILE = YES;
				IPHONEOS_DEPLOYMENT_TARGET = 18.0;
				MARKETING_VERSION = 1.0;
				PRODUCT_BUNDLE_IDENTIFIER = com.example.ChatBotFinalTests;
				PRODUCT_NAME = "$(TARGET_NAME)";
				SWIFT_EMIT_LOC_STRINGS = NO;
				SWIFT_VERSION = 5.0;
				TARGETED_DEVICE_FAMILY = "1,2";
				TEST_HOST = "$(BUILT_PRODUCTS_DIR)/ChatBotFinal.app/$(BUNDLE_EXECUTABLE_FOLDER_PATH)/ChatBotFinal";
			};
			name = Release;
		};
		46E7A6582CCAB64300DE63DB /* Debug */ = {
			isa = XCBuildConfiguration;
			buildSettings = {
				CODE_SIGN_STYLE = Automatic;
				CURRENT_PROJECT_VERSION = 1;
				GENERATE_INFOPLIST_FILE = YES;
				MARKETING_VERSION = 1.0;
				PRODUCT_BUNDLE_IDENTIFIER = com.example.ChatBotFinalUITests;
				PRODUCT_NAME = "$(TARGET_NAME)";
				SWIFT_EMIT_LOC_STRINGS = NO;
				SWIFT_VERSION = 5.0;
				TARGETED_DEVICE_FAMILY = "1,2";
				TEST_TARGET_NAME = ChatBotFinal;
			};
			name = Debug;
		};
		46E7A6592CCAB64300DE63DB /* Release */ = {
			isa = XCBuildConfiguration;
			buildSettings = {
				CODE_SIGN_STYLE = Automatic;
				CURRENT_PROJECT_VERSION = 1;
				GENERATE_INFOPLIST_FILE = YES;
				MARKETING_VERSION = 1.0;
				PRODUCT_BUNDLE_IDENTIFIER = com.example.ChatBotFinalUITests;
				PRODUCT_NAME = "$(TARGET_NAME)";
				SWIFT_EMIT_LOC_STRINGS = NO;
				SWIFT_VERSION = 5.0;
				TARGETED_DEVICE_FAMILY = "1,2";
				TEST_TARGET_NAME = ChatBotFinal;
			};
			name = Release;
		};
/* End XCBuildConfiguration section */

/* Begin XCConfigurationList section */
		46E7A6212CCAB63A00DE63DB /* Build configuration list for PBXProject "ChatBotFinal" */ = {
			isa = XCConfigurationList;
			buildConfigurations = (
				46E7A6522CCAB64300DE63DB /* Debug */,
				46E7A6532CCAB64300DE63DB /* Release */,
			);
			defaultConfigurationIsVisible = 0;
			defaultConfigurationName = Release;
		};
		46E7A64F2CCAB64300DE63DB /* Build configuration list for PBXNativeTarget "ChatBotFinal" */ = {
			isa = XCConfigurationList;
			buildConfigurations = (
				46E7A6502CCAB64300DE63DB /* Debug */,
				46E7A6512CCAB64300DE63DB /* Release */,
			);
			defaultConfigurationIsVisible = 0;
			defaultConfigurationName = Release;
		};
		46E7A6542CCAB64300DE63DB /* Build configuration list for PBXNativeTarget "ChatBotFinalTests" */ = {
			isa = XCConfigurationList;
			buildConfigurations = (
				46E7A6552CCAB64300DE63DB /* Debug */,
				46E7A6562CCAB64300DE63DB /* Release */,
			);
			defaultConfigurationIsVisible = 0;
			defaultConfigurationName = Release;
		};
		46E7A6572CCAB64300DE63DB /* Build configuration list for PBXNativeTarget "ChatBotFinalUITests" */ = {
			isa = XCConfigurationList;
			buildConfigurations = (
				46E7A6582CCAB64300DE63DB /* Debug */,
				46E7A6592CCAB64300DE63DB /* Release */,
			);
			defaultConfigurationIsVisible = 0;
			defaultConfigurationName = Release;
		};
/* End XCConfigurationList section */
	};
	rootObject = 46E7A61E2CCAB63A00DE63DB /* Project object */;
}
